
Microsoft Visual Studio Solution File, Format Version 12.00
# Visual Studio Version 17
VisualStudioVersion = 17.11.35312.102
MinimumVisualStudioVersion = 10.0.40219.1
Project("{FAE04EC0-301F-11D3-BF4B-00C04F79EFBC}") = "Constantin_Cristina_Stefana_Lab2", "Constantin_Cristina_Stefana_Lab2.csproj", "{7CCB80A6-BDB1-4C17-ABCF-2BC538018154}"
EndProject
Global
	GlobalSection(SolutionConfigurationPlatforms) = preSolution
		Debug|Any CPU = Debug|Any CPU
		Release|Any CPU = Release|Any CPU
	EndGlobalSection
	GlobalSection(ProjectConfigurationPlatforms) = postSolution
		{7CCB80A6-BDB1-4C17-ABCF-2BC538018154}.Debug|Any CPU.ActiveCfg = Debug|Any CPU
		{7CCB80A6-BDB1-4C17-ABCF-2BC538018154}.Debug|Any CPU.Build.0 = Debug|Any CPU
		{7CCB80A6-BDB1-4C17-ABCF-2BC538018154}.Release|Any CPU.ActiveCfg = Release|Any CPU
		{7CCB80A6-BDB1-4C17-ABCF-2BC538018154}.Release|Any CPU.Build.0 = Release|Any CPU
	EndGlobalSection
	GlobalSection(SolutionProperties) = preSolution
		HideSolutionNode = FALSE
	EndGlobalSection
	GlobalSection(ExtensibilityGlobals) = postSolution
		SolutionGuid = {93FB9D9D-C3E1-4E36-B4B6-DF415498E3F4}
	EndGlobalSection
EndGlobal
